<?xml version="1.0" encoding="utf-8"?>
<Project ToolsVersion="4.0" xmlns="http://schemas.microsoft.com/developer/msbuild/2003">
  <ItemGroup>
    <Filter Include="Исходные файлы">
      <UniqueIdentifier>{4FC737F1-C7A5-4376-A066-2A32D752A2FF}</UniqueIdentifier>
      <Extensions>cpp;c;cc;cxx;c++;cppm;ixx;def;odl;idl;hpj;bat;asm;asmx</Extensions>
    </Filter>
    <Filter Include="Файлы заголовков">
      <UniqueIdentifier>{93995380-89BD-4b04-88EB-625FBE52EBFB}</UniqueIdentifier>
      <Extensions>h;hh;hpp;hxx;h++;hm;inl;inc;ipp;xsd</Extensions>
    </Filter>
    <Filter Include="Файлы ресурсов">
      <UniqueIdentifier>{67DA6AB6-F800-4c08-8B7A-83BB121AAD01}</UniqueIdentifier>
      <Extensions>rc;ico;cur;bmp;dlg;rc2;rct;bin;rgs;gif;jpg;jpeg;jpe;resx;tiff;tif;png;wav;mfcribbon-ms</Extensions>
    </Filter>
    <Filter Include="OOP">
      <UniqueIdentifier>{1a4fa773-949e-4752-8cba-f80c145f505f}</UniqueIdentifier>
    </Filter>
  </ItemGroup>
  <ItemGroup>
    <ClCompile Include="Робота_з_файлами_ч.1.cpp">
      <Filter>Файлы ресурсов</Filter>
    </ClCompile>
    <ClCompile Include="OOP_practice.cpp">
      <Filter>OOP</Filter>
    </ClCompile>
    <ClCompile Include="OOP_prac_string.cpp">
      <Filter>OOP</Filter>
    </ClCompile>
    <ClCompile Include="String.cpp">
      <Filter>Исходные файлы</Filter>
    </ClCompile>
    <ClCompile Include="contact.cpp">
      <Filter>Исходные файлы</Filter>
    </ClCompile>
    <ClCompile Include="Student.cpp">
      <Filter>Исходные файлы</Filter>
    </ClCompile>
    <ClCompile Include="College.cpp">
      <Filter>Исходные файлы</Filter>
    </ClCompile>
    <ClCompile Include="OOP_prac_student.cpp">
      <Filter>OOP</Filter>
    </ClCompile>
    <ClCompile Include="Constr.Destr.cpp">
      <Filter>Файлы ресурсов</Filter>
    </ClCompile>
    <ClCompile Include="Робота_з_файлами_ч.2.cpp">
      <Filter>Файлы ресурсов</Filter>
    </ClCompile>
    <ClCompile Include="this.CopyCnstr.cpp">
      <Filter>Файлы ресурсов</Filter>
    </ClCompile>
    <ClCompile Include="Array.cpp">
      <Filter>Исходные файлы</Filter>
    </ClCompile>
    <ClCompile Include="Stack.cpp">
      <Filter>Исходные файлы</Filter>
    </ClCompile>
    <ClCompile Include="OOP_prac_Stack_Queue.cpp">
      <Filter>OOP</Filter>
    </ClCompile>
    <ClCompile Include="Queue.cpp">
      <Filter>Исходные файлы</Filter>
    </ClCompile>
    <ClCompile Include="Operator_Overload.cpp">
      <Filter>Файлы ресурсов</Filter>
    </ClCompile>
  </ItemGroup>
  <ItemGroup>
    <Text Include="input.txt" />
    <Text Include="output.txt" />
    <Text Include="input2.txt" />
    <Text Include="2_output.txt" />
    <Text Include="2_input.txt" />
  </ItemGroup>
  <ItemGroup>
    <ClInclude Include="contact.h">
      <Filter>Файлы заголовков</Filter>
    </ClInclude>
    <ClInclude Include="Student.h">
      <Filter>Файлы заголовков</Filter>
    </ClInclude>
    <ClInclude Include="College.h">
      <Filter>Файлы заголовков</Filter>
    </ClInclude>
    <ClInclude Include="String.h">
      <Filter>Файлы заголовков</Filter>
    </ClInclude>
    <ClInclude Include="Array.h">
      <Filter>Файлы заголовков</Filter>
    </ClInclude>
    <ClInclude Include="Stack.h">
      <Filter>Файлы заголовков</Filter>
    </ClInclude>
    <ClInclude Include="Queue.h">
      <Filter>Файлы заголовков</Filter>
    </ClInclude>
  </ItemGroup>
</Project>